
Microsoft Visual Studio Solution File, Format Version 12.00
# Visual Studio 15
VisualStudioVersion = 15.0.27130.2027
MinimumVisualStudioVersion = 10.0.40219.1
Project("{FAE04EC0-301F-11D3-BF4B-00C04F79EFBC}") = "product", "product\product.csproj", "{57F0663B-5FE7-48EE-AE85-DC85157E154C}"
EndProject
Global
	GlobalSection(SolutionConfigurationPlatforms) = preSolution
		Debug|Any CPU = Debug|Any CPU
		Release|Any CPU = Release|Any CPU
	EndGlobalSection
	GlobalSection(ProjectConfigurationPlatforms) = postSolution
		{57F0663B-5FE7-48EE-AE85-DC85157E154C}.Debug|Any CPU.ActiveCfg = Debug|Any CPU
		{57F0663B-5FE7-48EE-AE85-DC85157E154C}.Debug|Any CPU.Build.0 = Debug|Any CPU
		{57F0663B-5FE7-48EE-AE85-DC85157E154C}.Release|Any CPU.ActiveCfg = Release|Any CPU
		{57F0663B-5FE7-48EE-AE85-DC85157E154C}.Release|Any CPU.Build.0 = Release|Any CPU
	EndGlobalSection
	GlobalSection(SolutionProperties) = preSolution
		HideSolutionNode = FALSE
	EndGlobalSection
	GlobalSection(ExtensibilityGlobals) = postSolution
		SolutionGuid = {B073DC84-0226-4F26-BA5F-72CCFAC3B674}
	EndGlobalSection
EndGlobal
